
Microsoft Visual Studio Solution File, Format Version 12.00
# Visual Studio Version 17
VisualStudioVersion = 17.7.34221.43
MinimumVisualStudioVersion = 10.0.40219.1
Project("{9A19103F-16F7-4668-BE54-9A1E7A4F7556}") = "Note.Service", "Note.Service\Note.Service.csproj", "{451E13BC-C99F-4D70-9483-AA9AC5D1E061}"
EndProject
Project("{9A19103F-16F7-4668-BE54-9A1E7A4F7556}") = "Note.BL", "Note.BL\Note.BL.csproj", "{C808E914-7E7E-42DC-BAD9-04C590986EED}"
EndProject
Project("{9A19103F-16F7-4668-BE54-9A1E7A4F7556}") = "Note.DataAccess", "Note.DataAccess\Note.DataAccess.csproj", "{3D3DC6A2-B93F-4E59-9A61-136B92B2C677}"
EndProject
Project("{FAE04EC0-301F-11D3-BF4B-00C04F79EFBC}") = "Note.UnitTest", "Note.UnitTests\Note.UnitTest.csproj", "{1B7EA10D-8FF5-4182-9DF5-1D51444E26CC}"
EndProject
Global
	GlobalSection(SolutionConfigurationPlatforms) = preSolution
		Debug|Any CPU = Debug|Any CPU
		Release|Any CPU = Release|Any CPU
	EndGlobalSection
	GlobalSection(ProjectConfigurationPlatforms) = postSolution
		{451E13BC-C99F-4D70-9483-AA9AC5D1E061}.Debug|Any CPU.ActiveCfg = Debug|Any CPU
		{451E13BC-C99F-4D70-9483-AA9AC5D1E061}.Debug|Any CPU.Build.0 = Debug|Any CPU
		{451E13BC-C99F-4D70-9483-AA9AC5D1E061}.Release|Any CPU.ActiveCfg = Release|Any CPU
		{451E13BC-C99F-4D70-9483-AA9AC5D1E061}.Release|Any CPU.Build.0 = Release|Any CPU
		{C808E914-7E7E-42DC-BAD9-04C590986EED}.Debug|Any CPU.ActiveCfg = Debug|Any CPU
		{C808E914-7E7E-42DC-BAD9-04C590986EED}.Debug|Any CPU.Build.0 = Debug|Any CPU
		{C808E914-7E7E-42DC-BAD9-04C590986EED}.Release|Any CPU.ActiveCfg = Release|Any CPU
		{C808E914-7E7E-42DC-BAD9-04C590986EED}.Release|Any CPU.Build.0 = Release|Any CPU
		{3D3DC6A2-B93F-4E59-9A61-136B92B2C677}.Debug|Any CPU.ActiveCfg = Debug|Any CPU
		{3D3DC6A2-B93F-4E59-9A61-136B92B2C677}.Debug|Any CPU.Build.0 = Debug|Any CPU
		{3D3DC6A2-B93F-4E59-9A61-136B92B2C677}.Release|Any CPU.ActiveCfg = Release|Any CPU
		{3D3DC6A2-B93F-4E59-9A61-136B92B2C677}.Release|Any CPU.Build.0 = Release|Any CPU
		{1B7EA10D-8FF5-4182-9DF5-1D51444E26CC}.Debug|Any CPU.ActiveCfg = Debug|Any CPU
		{1B7EA10D-8FF5-4182-9DF5-1D51444E26CC}.Debug|Any CPU.Build.0 = Debug|Any CPU
		{1B7EA10D-8FF5-4182-9DF5-1D51444E26CC}.Release|Any CPU.ActiveCfg = Release|Any CPU
		{1B7EA10D-8FF5-4182-9DF5-1D51444E26CC}.Release|Any CPU.Build.0 = Release|Any CPU
	EndGlobalSection
	GlobalSection(SolutionProperties) = preSolution
		HideSolutionNode = FALSE
	EndGlobalSection
	GlobalSection(ExtensibilityGlobals) = postSolution
		SolutionGuid = {0B417F37-F7E5-409C-AB05-BF26654E2F93}
	EndGlobalSection
EndGlobal
